
Microsoft Visual Studio Solution File, Format Version 12.00
# Visual Studio Version 17
VisualStudioVersion = 17.3.32922.545
MinimumVisualStudioVersion = 10.0.40219.1
Project("{8BC9CEB8-8B4A-11D0-8D11-00A0C91BC942}") = "масиви", "масиви.vcxproj", "{E4C2E9DF-25CA-4C1B-A472-64742F2FEAC5}"
EndProject
Global
	GlobalSection(SolutionConfigurationPlatforms) = preSolution
		Debug|x64 = Debug|x64
		Debug|x86 = Debug|x86
		Release|x64 = Release|x64
		Release|x86 = Release|x86
	EndGlobalSection
	GlobalSection(ProjectConfigurationPlatforms) = postSolution
		{E4C2E9DF-25CA-4C1B-A472-64742F2FEAC5}.Debug|x64.ActiveCfg = Debug|x64
		{E4C2E9DF-25CA-4C1B-A472-64742F2FEAC5}.Debug|x64.Build.0 = Debug|x64
		{E4C2E9DF-25CA-4C1B-A472-64742F2FEAC5}.Debug|x86.ActiveCfg = Debug|Win32
		{E4C2E9DF-25CA-4C1B-A472-64742F2FEAC5}.Debug|x86.Build.0 = Debug|Win32
		{E4C2E9DF-25CA-4C1B-A472-64742F2FEAC5}.Release|x64.ActiveCfg = Release|x64
		{E4C2E9DF-25CA-4C1B-A472-64742F2FEAC5}.Release|x64.Build.0 = Release|x64
		{E4C2E9DF-25CA-4C1B-A472-64742F2FEAC5}.Release|x86.ActiveCfg = Release|Win32
		{E4C2E9DF-25CA-4C1B-A472-64742F2FEAC5}.Release|x86.Build.0 = Release|Win32
	EndGlobalSection
	GlobalSection(SolutionProperties) = preSolution
		HideSolutionNode = FALSE
	EndGlobalSection
	GlobalSection(ExtensibilityGlobals) = postSolution
		SolutionGuid = {0B39C4B4-D4BA-4F24-B0F6-168300411252}
	EndGlobalSection
EndGlobal
