
Microsoft Visual Studio Solution File, Format Version 12.00
# Visual Studio Version 17
VisualStudioVersion = 17.3.32922.545
MinimumVisualStudioVersion = 10.0.40219.1
Project("{8BC9CEB8-8B4A-11D0-8D11-00A0C91BC942}") = "task1(омдз2)", "task1(омдз2).vcxproj", "{238074E4-E76B-45FA-838B-47A09ABFDE9D}"
EndProject
Global
	GlobalSection(SolutionConfigurationPlatforms) = preSolution
		Debug|x64 = Debug|x64
		Debug|x86 = Debug|x86
		Release|x64 = Release|x64
		Release|x86 = Release|x86
	EndGlobalSection
	GlobalSection(ProjectConfigurationPlatforms) = postSolution
		{238074E4-E76B-45FA-838B-47A09ABFDE9D}.Debug|x64.ActiveCfg = Debug|x64
		{238074E4-E76B-45FA-838B-47A09ABFDE9D}.Debug|x64.Build.0 = Debug|x64
		{238074E4-E76B-45FA-838B-47A09ABFDE9D}.Debug|x86.ActiveCfg = Debug|Win32
		{238074E4-E76B-45FA-838B-47A09ABFDE9D}.Debug|x86.Build.0 = Debug|Win32
		{238074E4-E76B-45FA-838B-47A09ABFDE9D}.Release|x64.ActiveCfg = Release|x64
		{238074E4-E76B-45FA-838B-47A09ABFDE9D}.Release|x64.Build.0 = Release|x64
		{238074E4-E76B-45FA-838B-47A09ABFDE9D}.Release|x86.ActiveCfg = Release|Win32
		{238074E4-E76B-45FA-838B-47A09ABFDE9D}.Release|x86.Build.0 = Release|Win32
	EndGlobalSection
	GlobalSection(SolutionProperties) = preSolution
		HideSolutionNode = FALSE
	EndGlobalSection
	GlobalSection(ExtensibilityGlobals) = postSolution
		SolutionGuid = {615A742D-41AF-4FA5-8F1B-FD63A450784E}
	EndGlobalSection
EndGlobal
