
Microsoft Visual Studio Solution File, Format Version 12.00
# Visual Studio Version 17
VisualStudioVersion = 17.3.32922.545
MinimumVisualStudioVersion = 10.0.40219.1
Project("{FAE04EC0-301F-11D3-BF4B-00C04F79EFBC}") = "лаб_5_3", "лаб_5_3.csproj", "{D3BE0A5A-3955-4798-B946-F63865A380ED}"
EndProject
Global
	GlobalSection(SolutionConfigurationPlatforms) = preSolution
		Debug|Any CPU = Debug|Any CPU
		Release|Any CPU = Release|Any CPU
	EndGlobalSection
	GlobalSection(ProjectConfigurationPlatforms) = postSolution
		{D3BE0A5A-3955-4798-B946-F63865A380ED}.Debug|Any CPU.ActiveCfg = Debug|Any CPU
		{D3BE0A5A-3955-4798-B946-F63865A380ED}.Debug|Any CPU.Build.0 = Debug|Any CPU
		{D3BE0A5A-3955-4798-B946-F63865A380ED}.Release|Any CPU.ActiveCfg = Release|Any CPU
		{D3BE0A5A-3955-4798-B946-F63865A380ED}.Release|Any CPU.Build.0 = Release|Any CPU
	EndGlobalSection
	GlobalSection(SolutionProperties) = preSolution
		HideSolutionNode = FALSE
	EndGlobalSection
	GlobalSection(ExtensibilityGlobals) = postSolution
		SolutionGuid = {23601C42-2C0D-4C15-8088-3A43AA149398}
	EndGlobalSection
EndGlobal
