
Microsoft Visual Studio Solution File, Format Version 12.00
# Visual Studio Version 17
VisualStudioVersion = 17.10.34928.147
MinimumVisualStudioVersion = 10.0.40219.1
Project("{FAE04EC0-301F-11D3-BF4B-00C04F79EFBC}") = "lab3(gauss)", "lab3(gauss).csproj", "{5439ACF3-96BA-45A0-B70B-AE7B584E1B61}"
EndProject
Global
	GlobalSection(SolutionConfigurationPlatforms) = preSolution
		Debug|Any CPU = Debug|Any CPU
		Release|Any CPU = Release|Any CPU
	EndGlobalSection
	GlobalSection(ProjectConfigurationPlatforms) = postSolution
		{5439ACF3-96BA-45A0-B70B-AE7B584E1B61}.Debug|Any CPU.ActiveCfg = Debug|Any CPU
		{5439ACF3-96BA-45A0-B70B-AE7B584E1B61}.Debug|Any CPU.Build.0 = Debug|Any CPU
		{5439ACF3-96BA-45A0-B70B-AE7B584E1B61}.Release|Any CPU.ActiveCfg = Release|Any CPU
		{5439ACF3-96BA-45A0-B70B-AE7B584E1B61}.Release|Any CPU.Build.0 = Release|Any CPU
	EndGlobalSection
	GlobalSection(SolutionProperties) = preSolution
		HideSolutionNode = FALSE
	EndGlobalSection
	GlobalSection(ExtensibilityGlobals) = postSolution
		SolutionGuid = {23AE4383-2C62-4976-B115-38FCA6BDD9DD}
	EndGlobalSection
EndGlobal
