
Microsoft Visual Studio Solution File, Format Version 12.00
# Visual Studio Version 17
VisualStudioVersion = 17.3.32922.545
MinimumVisualStudioVersion = 10.0.40219.1
Project("{8BC9CEB8-8B4A-11D0-8D11-00A0C91BC942}") = "assembler 1", "assembler 1.vcxproj", "{0357A63C-AFF5-49E4-A7D5-CB029C63375F}"
EndProject
Global
	GlobalSection(SolutionConfigurationPlatforms) = preSolution
		Debug|x64 = Debug|x64
		Debug|x86 = Debug|x86
		Release|x64 = Release|x64
		Release|x86 = Release|x86
	EndGlobalSection
	GlobalSection(ProjectConfigurationPlatforms) = postSolution
		{0357A63C-AFF5-49E4-A7D5-CB029C63375F}.Debug|x64.ActiveCfg = Debug|x64
		{0357A63C-AFF5-49E4-A7D5-CB029C63375F}.Debug|x64.Build.0 = Debug|x64
		{0357A63C-AFF5-49E4-A7D5-CB029C63375F}.Debug|x86.ActiveCfg = Debug|Win32
		{0357A63C-AFF5-49E4-A7D5-CB029C63375F}.Debug|x86.Build.0 = Debug|Win32
		{0357A63C-AFF5-49E4-A7D5-CB029C63375F}.Release|x64.ActiveCfg = Release|x64
		{0357A63C-AFF5-49E4-A7D5-CB029C63375F}.Release|x64.Build.0 = Release|x64
		{0357A63C-AFF5-49E4-A7D5-CB029C63375F}.Release|x86.ActiveCfg = Release|Win32
		{0357A63C-AFF5-49E4-A7D5-CB029C63375F}.Release|x86.Build.0 = Release|Win32
	EndGlobalSection
	GlobalSection(SolutionProperties) = preSolution
		HideSolutionNode = FALSE
	EndGlobalSection
	GlobalSection(ExtensibilityGlobals) = postSolution
		SolutionGuid = {4D2C09BA-1274-4538-985C-489B3E319AA0}
	EndGlobalSection
EndGlobal
