
Microsoft Visual Studio Solution File, Format Version 12.00
# Visual Studio Version 17
VisualStudioVersion = 17.3.32922.545
MinimumVisualStudioVersion = 10.0.40219.1
Project("{9A19103F-16F7-4668-BE54-9A1E7A4F7556}") = "лаб_7_1", "лаб_7_1.csproj", "{09106CEC-04B9-474F-BD07-9FFB72B99211}"
EndProject
Project("{9A19103F-16F7-4668-BE54-9A1E7A4F7556}") = "лаб_7_2", "..\лаб_7_2\лаб_7_2.csproj", "{651C3E04-7847-4B71-96D3-2E4EBAC08765}"
EndProject
Project("{9A19103F-16F7-4668-BE54-9A1E7A4F7556}") = "лаб_7_3", "..\лаб_7_3\лаб_7_3.csproj", "{D6FC2231-5901-4651-BFDB-5C8E20C22AFB}"
EndProject
Project("{9A19103F-16F7-4668-BE54-9A1E7A4F7556}") = "лаб_7_4", "..\лаб_7_4\лаб_7_4.csproj", "{58932978-F230-4A99-818B-21D46A9FF7C2}"
EndProject
Project("{9A19103F-16F7-4668-BE54-9A1E7A4F7556}") = "лаб_7_5", "..\лаб_7_5\лаб_7_5.csproj", "{FAD57FC1-2565-49D5-92E3-8F765F249655}"
EndProject
Global
	GlobalSection(SolutionConfigurationPlatforms) = preSolution
		Debug|Any CPU = Debug|Any CPU
		Release|Any CPU = Release|Any CPU
	EndGlobalSection
	GlobalSection(ProjectConfigurationPlatforms) = postSolution
		{09106CEC-04B9-474F-BD07-9FFB72B99211}.Debug|Any CPU.ActiveCfg = Debug|Any CPU
		{09106CEC-04B9-474F-BD07-9FFB72B99211}.Debug|Any CPU.Build.0 = Debug|Any CPU
		{09106CEC-04B9-474F-BD07-9FFB72B99211}.Release|Any CPU.ActiveCfg = Debug|Any CPU
		{09106CEC-04B9-474F-BD07-9FFB72B99211}.Release|Any CPU.Build.0 = Debug|Any CPU
		{651C3E04-7847-4B71-96D3-2E4EBAC08765}.Debug|Any CPU.ActiveCfg = Debug|Any CPU
		{651C3E04-7847-4B71-96D3-2E4EBAC08765}.Debug|Any CPU.Build.0 = Debug|Any CPU
		{651C3E04-7847-4B71-96D3-2E4EBAC08765}.Release|Any CPU.ActiveCfg = Release|Any CPU
		{651C3E04-7847-4B71-96D3-2E4EBAC08765}.Release|Any CPU.Build.0 = Release|Any CPU
		{D6FC2231-5901-4651-BFDB-5C8E20C22AFB}.Debug|Any CPU.ActiveCfg = Debug|Any CPU
		{D6FC2231-5901-4651-BFDB-5C8E20C22AFB}.Debug|Any CPU.Build.0 = Debug|Any CPU
		{D6FC2231-5901-4651-BFDB-5C8E20C22AFB}.Release|Any CPU.ActiveCfg = Debug|Any CPU
		{D6FC2231-5901-4651-BFDB-5C8E20C22AFB}.Release|Any CPU.Build.0 = Debug|Any CPU
		{58932978-F230-4A99-818B-21D46A9FF7C2}.Debug|Any CPU.ActiveCfg = Debug|Any CPU
		{58932978-F230-4A99-818B-21D46A9FF7C2}.Debug|Any CPU.Build.0 = Debug|Any CPU
		{58932978-F230-4A99-818B-21D46A9FF7C2}.Release|Any CPU.ActiveCfg = Debug|Any CPU
		{58932978-F230-4A99-818B-21D46A9FF7C2}.Release|Any CPU.Build.0 = Debug|Any CPU
		{FAD57FC1-2565-49D5-92E3-8F765F249655}.Debug|Any CPU.ActiveCfg = Debug|Any CPU
		{FAD57FC1-2565-49D5-92E3-8F765F249655}.Debug|Any CPU.Build.0 = Debug|Any CPU
		{FAD57FC1-2565-49D5-92E3-8F765F249655}.Release|Any CPU.ActiveCfg = Debug|Any CPU
		{FAD57FC1-2565-49D5-92E3-8F765F249655}.Release|Any CPU.Build.0 = Debug|Any CPU
	EndGlobalSection
	GlobalSection(SolutionProperties) = preSolution
		HideSolutionNode = FALSE
	EndGlobalSection
	GlobalSection(ExtensibilityGlobals) = postSolution
		SolutionGuid = {D40209AA-1099-4027-BD2E-1A6C37D407C1}
	EndGlobalSection
EndGlobal
