
Microsoft Visual Studio Solution File, Format Version 12.00
# Visual Studio Version 17
VisualStudioVersion = 17.3.32922.545
MinimumVisualStudioVersion = 10.0.40219.1
Project("{8BC9CEB8-8B4A-11D0-8D11-00A0C91BC942}") = "шаблонний список (дз 2.5)", "шаблонний список (дз 2.5).vcxproj", "{3BF11636-AFDE-4A96-9277-2F98F92E83C9}"
EndProject
Global
	GlobalSection(SolutionConfigurationPlatforms) = preSolution
		Debug|x64 = Debug|x64
		Debug|x86 = Debug|x86
		Release|x64 = Release|x64
		Release|x86 = Release|x86
	EndGlobalSection
	GlobalSection(ProjectConfigurationPlatforms) = postSolution
		{3BF11636-AFDE-4A96-9277-2F98F92E83C9}.Debug|x64.ActiveCfg = Debug|x64
		{3BF11636-AFDE-4A96-9277-2F98F92E83C9}.Debug|x64.Build.0 = Debug|x64
		{3BF11636-AFDE-4A96-9277-2F98F92E83C9}.Debug|x86.ActiveCfg = Debug|Win32
		{3BF11636-AFDE-4A96-9277-2F98F92E83C9}.Debug|x86.Build.0 = Debug|Win32
		{3BF11636-AFDE-4A96-9277-2F98F92E83C9}.Release|x64.ActiveCfg = Release|x64
		{3BF11636-AFDE-4A96-9277-2F98F92E83C9}.Release|x64.Build.0 = Release|x64
		{3BF11636-AFDE-4A96-9277-2F98F92E83C9}.Release|x86.ActiveCfg = Release|Win32
		{3BF11636-AFDE-4A96-9277-2F98F92E83C9}.Release|x86.Build.0 = Release|Win32
	EndGlobalSection
	GlobalSection(SolutionProperties) = preSolution
		HideSolutionNode = FALSE
	EndGlobalSection
	GlobalSection(ExtensibilityGlobals) = postSolution
		SolutionGuid = {941B5A42-B88D-40A4-A37A-CB766B307AFB}
	EndGlobalSection
EndGlobal
