
Microsoft Visual Studio Solution File, Format Version 12.00
# Visual Studio Version 17
VisualStudioVersion = 17.3.32922.545
MinimumVisualStudioVersion = 10.0.40219.1
Project("{FAE04EC0-301F-11D3-BF4B-00C04F79EFBC}") = "лаб_6_5", "лаб_6_5.csproj", "{B704196F-EA2F-4D51-89C2-AF4AC85E1688}"
EndProject
Global
	GlobalSection(SolutionConfigurationPlatforms) = preSolution
		Debug|Any CPU = Debug|Any CPU
		Release|Any CPU = Release|Any CPU
	EndGlobalSection
	GlobalSection(ProjectConfigurationPlatforms) = postSolution
		{B704196F-EA2F-4D51-89C2-AF4AC85E1688}.Debug|Any CPU.ActiveCfg = Debug|Any CPU
		{B704196F-EA2F-4D51-89C2-AF4AC85E1688}.Debug|Any CPU.Build.0 = Debug|Any CPU
		{B704196F-EA2F-4D51-89C2-AF4AC85E1688}.Release|Any CPU.ActiveCfg = Release|Any CPU
		{B704196F-EA2F-4D51-89C2-AF4AC85E1688}.Release|Any CPU.Build.0 = Release|Any CPU
	EndGlobalSection
	GlobalSection(SolutionProperties) = preSolution
		HideSolutionNode = FALSE
	EndGlobalSection
	GlobalSection(ExtensibilityGlobals) = postSolution
		SolutionGuid = {307EEAAF-7E0D-404C-9034-9D87C6BC843C}
	EndGlobalSection
EndGlobal
