
Microsoft Visual Studio Solution File, Format Version 12.00
# Visual Studio Version 17
VisualStudioVersion = 17.11.35312.102
MinimumVisualStudioVersion = 10.0.40219.1
Project("{FAE04EC0-301F-11D3-BF4B-00C04F79EFBC}") = "lab7(prim)", "lab7(prim)\lab7(prim).csproj", "{AA53DE32-5D79-4B2B-93BC-A6F7CD1D4783}"
EndProject
Global
	GlobalSection(SolutionConfigurationPlatforms) = preSolution
		Debug|Any CPU = Debug|Any CPU
		Release|Any CPU = Release|Any CPU
	EndGlobalSection
	GlobalSection(ProjectConfigurationPlatforms) = postSolution
		{AA53DE32-5D79-4B2B-93BC-A6F7CD1D4783}.Debug|Any CPU.ActiveCfg = Debug|Any CPU
		{AA53DE32-5D79-4B2B-93BC-A6F7CD1D4783}.Debug|Any CPU.Build.0 = Debug|Any CPU
		{AA53DE32-5D79-4B2B-93BC-A6F7CD1D4783}.Release|Any CPU.ActiveCfg = Release|Any CPU
		{AA53DE32-5D79-4B2B-93BC-A6F7CD1D4783}.Release|Any CPU.Build.0 = Release|Any CPU
	EndGlobalSection
	GlobalSection(SolutionProperties) = preSolution
		HideSolutionNode = FALSE
	EndGlobalSection
	GlobalSection(ExtensibilityGlobals) = postSolution
		SolutionGuid = {74E57BCA-453D-439D-9E41-A936B8D18E34}
	EndGlobalSection
EndGlobal
