
Microsoft Visual Studio Solution File, Format Version 12.00
# Visual Studio Version 17
VisualStudioVersion = 17.10.34928.147
MinimumVisualStudioVersion = 10.0.40219.1
Project("{9A19103F-16F7-4668-BE54-9A1E7A4F7556}") = "lab2(multiply)", "lab2(multiply).csproj", "{E3FC77CB-6491-4EDB-A4D4-5AE1B8CFB4ED}"
EndProject
Global
	GlobalSection(SolutionConfigurationPlatforms) = preSolution
		Debug|Any CPU = Debug|Any CPU
		Release|Any CPU = Release|Any CPU
	EndGlobalSection
	GlobalSection(ProjectConfigurationPlatforms) = postSolution
		{E3FC77CB-6491-4EDB-A4D4-5AE1B8CFB4ED}.Debug|Any CPU.ActiveCfg = Debug|Any CPU
		{E3FC77CB-6491-4EDB-A4D4-5AE1B8CFB4ED}.Debug|Any CPU.Build.0 = Debug|Any CPU
		{E3FC77CB-6491-4EDB-A4D4-5AE1B8CFB4ED}.Release|Any CPU.ActiveCfg = Release|Any CPU
		{E3FC77CB-6491-4EDB-A4D4-5AE1B8CFB4ED}.Release|Any CPU.Build.0 = Release|Any CPU
	EndGlobalSection
	GlobalSection(SolutionProperties) = preSolution
		HideSolutionNode = FALSE
	EndGlobalSection
	GlobalSection(ExtensibilityGlobals) = postSolution
		SolutionGuid = {3BCFA81E-2B63-4F71-A747-D1F569D3B7DF}
	EndGlobalSection
EndGlobal
