
Microsoft Visual Studio Solution File, Format Version 12.00
# Visual Studio Version 17
VisualStudioVersion = 17.3.32922.545
MinimumVisualStudioVersion = 10.0.40219.1
Project("{8BC9CEB8-8B4A-11D0-8D11-00A0C91BC942}") = "functions", "functions.vcxproj", "{C8EA0271-46DB-4692-B99F-E37FBB13F6C2}"
EndProject
Global
	GlobalSection(SolutionConfigurationPlatforms) = preSolution
		Debug|x64 = Debug|x64
		Debug|x86 = Debug|x86
		Release|x64 = Release|x64
		Release|x86 = Release|x86
	EndGlobalSection
	GlobalSection(ProjectConfigurationPlatforms) = postSolution
		{C8EA0271-46DB-4692-B99F-E37FBB13F6C2}.Debug|x64.ActiveCfg = Debug|x64
		{C8EA0271-46DB-4692-B99F-E37FBB13F6C2}.Debug|x64.Build.0 = Debug|x64
		{C8EA0271-46DB-4692-B99F-E37FBB13F6C2}.Debug|x86.ActiveCfg = Debug|Win32
		{C8EA0271-46DB-4692-B99F-E37FBB13F6C2}.Debug|x86.Build.0 = Debug|Win32
		{C8EA0271-46DB-4692-B99F-E37FBB13F6C2}.Release|x64.ActiveCfg = Release|x64
		{C8EA0271-46DB-4692-B99F-E37FBB13F6C2}.Release|x64.Build.0 = Release|x64
		{C8EA0271-46DB-4692-B99F-E37FBB13F6C2}.Release|x86.ActiveCfg = Release|Win32
		{C8EA0271-46DB-4692-B99F-E37FBB13F6C2}.Release|x86.Build.0 = Release|Win32
	EndGlobalSection
	GlobalSection(SolutionProperties) = preSolution
		HideSolutionNode = FALSE
	EndGlobalSection
	GlobalSection(ExtensibilityGlobals) = postSolution
		SolutionGuid = {DCF58C3E-75C5-4E37-9C92-9E33C3143AE9}
	EndGlobalSection
EndGlobal
